
Microsoft Visual Studio Solution File, Format Version 12.00
# Visual Studio Version 17
VisualStudioVersion = 17.0.32014.148
MinimumVisualStudioVersion = 10.0.40219.1
Project("{8BC9CEB8-8B4A-11D0-8D11-00A0C91BC942}") = "opengl_test01", "opengl_test01\opengl_test01.vcxproj", "{18E3E67F-B62C-4DDD-86DB-53CF16E49BB5}"
EndProject
Global
	GlobalSection(SolutionConfigurationPlatforms) = preSolution
		Debug|x64 = Debug|x64
		Debug|x86 = Debug|x86
		Release|x64 = Release|x64
		Release|x86 = Release|x86
	EndGlobalSection
	GlobalSection(ProjectConfigurationPlatforms) = postSolution
		{18E3E67F-B62C-4DDD-86DB-53CF16E49BB5}.Debug|x64.ActiveCfg = Debug|x64
		{18E3E67F-B62C-4DDD-86DB-53CF16E49BB5}.Debug|x64.Build.0 = Debug|x64
		{18E3E67F-B62C-4DDD-86DB-53CF16E49BB5}.Debug|x86.ActiveCfg = Debug|Win32
		{18E3E67F-B62C-4DDD-86DB-53CF16E49BB5}.Debug|x86.Build.0 = Debug|Win32
		{18E3E67F-B62C-4DDD-86DB-53CF16E49BB5}.Release|x64.ActiveCfg = Release|x64
		{18E3E67F-B62C-4DDD-86DB-53CF16E49BB5}.Release|x64.Build.0 = Release|x64
		{18E3E67F-B62C-4DDD-86DB-53CF16E49BB5}.Release|x86.ActiveCfg = Release|Win32
		{18E3E67F-B62C-4DDD-86DB-53CF16E49BB5}.Release|x86.Build.0 = Release|Win32
	EndGlobalSection
	GlobalSection(SolutionProperties) = preSolution
		HideSolutionNode = FALSE
	EndGlobalSection
	GlobalSection(ExtensibilityGlobals) = postSolution
		SolutionGuid = {D37D3367-3884-4205-960A-B0B43F0DAD8B}
	EndGlobalSection
EndGlobal
